
Microsoft Visual Studio Solution File, Format Version 12.00
# Visual Studio 15
VisualStudioVersion = 15.0.28010.2050
MinimumVisualStudioVersion = 10.0.40219.1
Project("{8BC9CEB8-8B4A-11D0-8D11-00A0C91BC942}") = "Demo1", "Demo1\Demo1.vcxproj", "{6A22FB51-6397-4DB4-8D67-C75B6BC5E79D}"
EndProject
Project("{8BC9CEB8-8B4A-11D0-8D11-00A0C91BC942}") = "NumeroMagico", "NumeroMagico\NumeroMagico.vcxproj", "{092FD6BA-9AE7-4396-A848-2A571E079795}"
EndProject
Global
	GlobalSection(SolutionConfigurationPlatforms) = preSolution
		Debug|x64 = Debug|x64
		Debug|x86 = Debug|x86
		Release|x64 = Release|x64
		Release|x86 = Release|x86
	EndGlobalSection
	GlobalSection(ProjectConfigurationPlatforms) = postSolution
		{6A22FB51-6397-4DB4-8D67-C75B6BC5E79D}.Debug|x64.ActiveCfg = Debug|x64
		{6A22FB51-6397-4DB4-8D67-C75B6BC5E79D}.Debug|x64.Build.0 = Debug|x64
		{6A22FB51-6397-4DB4-8D67-C75B6BC5E79D}.Debug|x86.ActiveCfg = Debug|Win32
		{6A22FB51-6397-4DB4-8D67-C75B6BC5E79D}.Debug|x86.Build.0 = Debug|Win32
		{6A22FB51-6397-4DB4-8D67-C75B6BC5E79D}.Release|x64.ActiveCfg = Release|x64
		{6A22FB51-6397-4DB4-8D67-C75B6BC5E79D}.Release|x64.Build.0 = Release|x64
		{6A22FB51-6397-4DB4-8D67-C75B6BC5E79D}.Release|x86.ActiveCfg = Release|Win32
		{6A22FB51-6397-4DB4-8D67-C75B6BC5E79D}.Release|x86.Build.0 = Release|Win32
		{092FD6BA-9AE7-4396-A848-2A571E079795}.Debug|x64.ActiveCfg = Debug|x64
		{092FD6BA-9AE7-4396-A848-2A571E079795}.Debug|x64.Build.0 = Debug|x64
		{092FD6BA-9AE7-4396-A848-2A571E079795}.Debug|x86.ActiveCfg = Debug|Win32
		{092FD6BA-9AE7-4396-A848-2A571E079795}.Debug|x86.Build.0 = Debug|Win32
		{092FD6BA-9AE7-4396-A848-2A571E079795}.Release|x64.ActiveCfg = Release|x64
		{092FD6BA-9AE7-4396-A848-2A571E079795}.Release|x64.Build.0 = Release|x64
		{092FD6BA-9AE7-4396-A848-2A571E079795}.Release|x86.ActiveCfg = Release|Win32
		{092FD6BA-9AE7-4396-A848-2A571E079795}.Release|x86.Build.0 = Release|Win32
	EndGlobalSection
	GlobalSection(SolutionProperties) = preSolution
		HideSolutionNode = FALSE
	EndGlobalSection
	GlobalSection(ExtensibilityGlobals) = postSolution
		SolutionGuid = {4B1C7047-CFAD-4A5A-98B1-7AF9CB720AC3}
	EndGlobalSection
EndGlobal
